lockfileVersion: '9.0'

settings:
  autoInstallPeers: true
  excludeLinksFromLockfile: false

importers:

  .:
    devDependencies:
      picomatch:
        specifier: 4.0.5
        version: 4.0.5

  apps/api:
    devDependencies:
      fdir:
        specifier: 6.1.1
        version: 6.1.1(picomatch@3.0.2)
      picomatch:
        specifier: 3.0.2
        version: 3.0.2

packages:

  fdir@6.1.1:
    resolution: {integrity: sha512-QfKBVg453Dyn3mr0Q0O+Tkr1r79lOTAKSi9f/Ot4+qVEwxWhav2Z+SudrG9vQjM2aYRMQQZ2/Q1zdA8ACM1pDg==}
    peerDependencies:
      picomatch: 3.x
    peerDependenciesMeta:
      picomatch:
        optional: true

  picomatch@3.0.2:
    resolution: {integrity: sha512-cfDHL6LStTEKlNilboNtobT/kEa30PtAf2Q1OgszfrG/rpVl1xaFWT9ktfkS306GmHgmnad1Sw4wabhlvFtsTw==}
    engines: {node: '>=10'}

  picomatch@4.0.5:
    resolution: {integrity: sha512-RvwwcruNjI1ncT5xRakeyS9Lf8lcItv34KD+aif+VH9kduAyfYBipGh12274xtenIPZ119/R9BdTBa8gAwSh0A==}
    engines: {node: '>=12'}

snapshots:

  fdir@6.1.1(picomatch@3.0.2):
    optionalDependencies:
      picomatch: 3.0.2

  picomatch@3.0.2: {}

  picomatch@4.0.5: {}
